
Microsoft Visual Studio Solution File, Format Version 12.00
# Visual Studio Version 16
VisualStudioVersion = 16.0.31025.194
MinimumVisualStudioVersion = 10.0.40219.1
Project("{9A19103F-16F7-4668-BE54-9A1E7A4F7556}") = "ToyShop.Server", "ToyShop.Server\ToyShop.Server.csproj", "{138BADEA-01EB-4EAF-BFE9-6B9458682137}"
EndProject
Project("{2150E333-8FDC-42A3-9474-1A3956D46DE8}") = "Web", "Web", "{1609A679-0203-4A8F-A70C-20154B3606B6}"
EndProject
Project("{2150E333-8FDC-42A3-9474-1A3956D46DE8}") = "Services", "Services", "{AB48C5A4-5520-44DD-80A3-084DD0E19197}"
EndProject
Project("{2150E333-8FDC-42A3-9474-1A3956D46DE8}") = "Data", "Data", "{21C38285-CE61-4311-9263-A88543FFFB24}"
EndProject
Project("{FAE04EC0-301F-11D3-BF4B-00C04F79EFBC}") = "ToyShop.Data", "ToyShop.Data\ToyShop.Data.csproj", "{1A280427-CDC0-4231-9148-DEE42D6567E3}"
EndProject
Project("{FAE04EC0-301F-11D3-BF4B-00C04F79EFBC}") = "ToyShop.Models", "ToyShop.Models\ToyShop.Models.csproj", "{48B85AC5-BC26-480D-B06A-9F6893E21E4C}"
EndProject
Project("{FAE04EC0-301F-11D3-BF4B-00C04F79EFBC}") = "ToyShop.Services", "ToyShop.Services\ToyShop.Services.csproj", "{C0E697B5-1C8E-400E-B5F0-949041426C8F}"
EndProject
Project("{2150E333-8FDC-42A3-9474-1A3956D46DE8}") = "Common", "Common", "{443B0EE4-B16E-415C-B742-BE988AA90C8F}"
EndProject
Project("{FAE04EC0-301F-11D3-BF4B-00C04F79EFBC}") = "ToyShop.Common", "ToyShop.Common\ToyShop.Common.csproj", "{92DFDA2F-AC5E-4018-B30A-B0D44BE93D4A}"
EndProject
Global
	GlobalSection(SolutionConfigurationPlatforms) = preSolution
		Debug|Any CPU = Debug|Any CPU
		Release|Any CPU = Release|Any CPU
	EndGlobalSection
	GlobalSection(ProjectConfigurationPlatforms) = postSolution
		{138BADEA-01EB-4EAF-BFE9-6B9458682137}.Debug|Any CPU.ActiveCfg = Debug|Any CPU
		{138BADEA-01EB-4EAF-BFE9-6B9458682137}.Debug|Any CPU.Build.0 = Debug|Any CPU
		{138BADEA-01EB-4EAF-BFE9-6B9458682137}.Release|Any CPU.ActiveCfg = Release|Any CPU
		{138BADEA-01EB-4EAF-BFE9-6B9458682137}.Release|Any CPU.Build.0 = Release|Any CPU
		{1A280427-CDC0-4231-9148-DEE42D6567E3}.Debug|Any CPU.ActiveCfg = Debug|Any CPU
		{1A280427-CDC0-4231-9148-DEE42D6567E3}.Debug|Any CPU.Build.0 = Debug|Any CPU
		{1A280427-CDC0-4231-9148-DEE42D6567E3}.Release|Any CPU.ActiveCfg = Release|Any CPU
		{1A280427-CDC0-4231-9148-DEE42D6567E3}.Release|Any CPU.Build.0 = Release|Any CPU
		{48B85AC5-BC26-480D-B06A-9F6893E21E4C}.Debug|Any CPU.ActiveCfg = Debug|Any CPU
		{48B85AC5-BC26-480D-B06A-9F6893E21E4C}.Debug|Any CPU.Build.0 = Debug|Any CPU
		{48B85AC5-BC26-480D-B06A-9F6893E21E4C}.Release|Any CPU.ActiveCfg = Release|Any CPU
		{48B85AC5-BC26-480D-B06A-9F6893E21E4C}.Release|Any CPU.Build.0 = Release|Any CPU
		{C0E697B5-1C8E-400E-B5F0-949041426C8F}.Debug|Any CPU.ActiveCfg = Debug|Any CPU
		{C0E697B5-1C8E-400E-B5F0-949041426C8F}.Debug|Any CPU.Build.0 = Debug|Any CPU
		{C0E697B5-1C8E-400E-B5F0-949041426C8F}.Release|Any CPU.ActiveCfg = Release|Any CPU
		{C0E697B5-1C8E-400E-B5F0-949041426C8F}.Release|Any CPU.Build.0 = Release|Any CPU
		{92DFDA2F-AC5E-4018-B30A-B0D44BE93D4A}.Debug|Any CPU.ActiveCfg = Debug|Any CPU
		{92DFDA2F-AC5E-4018-B30A-B0D44BE93D4A}.Debug|Any CPU.Build.0 = Debug|Any CPU
		{92DFDA2F-AC5E-4018-B30A-B0D44BE93D4A}.Release|Any CPU.ActiveCfg = Release|Any CPU
		{92DFDA2F-AC5E-4018-B30A-B0D44BE93D4A}.Release|Any CPU.Build.0 = Release|Any CPU
	EndGlobalSection
	GlobalSection(SolutionProperties) = preSolution
		HideSolutionNode = FALSE
	EndGlobalSection
	GlobalSection(NestedProjects) = preSolution
		{138BADEA-01EB-4EAF-BFE9-6B9458682137} = {1609A679-0203-4A8F-A70C-20154B3606B6}
		{1A280427-CDC0-4231-9148-DEE42D6567E3} = {21C38285-CE61-4311-9263-A88543FFFB24}
		{48B85AC5-BC26-480D-B06A-9F6893E21E4C} = {21C38285-CE61-4311-9263-A88543FFFB24}
		{C0E697B5-1C8E-400E-B5F0-949041426C8F} = {AB48C5A4-5520-44DD-80A3-084DD0E19197}
		{92DFDA2F-AC5E-4018-B30A-B0D44BE93D4A} = {443B0EE4-B16E-415C-B742-BE988AA90C8F}
	EndGlobalSection
	GlobalSection(ExtensibilityGlobals) = postSolution
		SolutionGuid = {5822D54C-50EC-43FE-929F-EF6737FD4978}
	EndGlobalSection
EndGlobal
